lockfileVersion: '9.0'

settings:
  autoInstallPeers: true
  excludeLinksFromLockfile: false

importers:

  .:
    devDependencies:
      '@biomejs/biome':
        specifier: ^1.9.4
        version: 1.9.4
      turbo:
        specifier: ^2.4.4
        version: 2.8.16
      typescript:
        specifier: ^5.7.3
        version: 5.9.3

  apps/api: {}

  apps/mobile: {}

  packages/shared: {}

  tooling/typescript: {}

packages:

  '@biomejs/biome@1.9.4':
    resolution: {integrity: sha512-1rkd7G70+o9KkTn5KLmDYXihGoTaIGO9PIIN2ZB7UJxFrWw04CZHPYiMRjYsaDvVV7hP1dYNRLxSANLaBFGpog==}
    engines: {node: '>=14.21.3'}
    hasBin: true

  '@biomejs/cli-darwin-arm64@1.9.4':
    resolution: {integrity: sha512-bFBsPWrNvkdKrNCYeAp+xo2HecOGPAy9WyNyB/jKnnedgzl4W4Hb9ZMzYNbf8dMCGmUdSavlYHiR01QaYR58cw==}
    engines: {node: '>=14.21.3'}
    cpu: [arm64]
    os: [darwin]

  '@biomejs/cli-darwin-x64@1.9.4':
    resolution: {integrity: sha512-ngYBh/+bEedqkSevPVhLP4QfVPCpb+4BBe2p7Xs32dBgs7rh9nY2AIYUL6BgLw1JVXV8GlpKmb/hNiuIxfPfZg==}
    engines: {node: '>=14.21.3'}
    cpu: [x64]
    os: [darwin]

  '@biomejs/cli-linux-arm64-musl@1.9.4':
    resolution: {integrity: sha512-v665Ct9WCRjGa8+kTr0CzApU0+XXtRgwmzIf1SeKSGAv+2scAlW6JR5PMFo6FzqqZ64Po79cKODKf3/AAmECqA==}
    engines: {node: '>=14.21.3'}
    cpu: [arm64]
    os: [linux]

  '@biomejs/cli-linux-arm64@1.9.4':
    resolution: {integrity: sha512-fJIW0+LYujdjUgJJuwesP4EjIBl/N/TcOX3IvIHJQNsAqvV2CHIogsmA94BPG6jZATS4Hi+xv4SkBBQSt1N4/g==}
    engines: {node: '>=14.21.3'}
    cpu: [arm64]
    os: [linux]

  '@biomejs/cli-linux-x64-musl@1.9.4':
    resolution: {integrity: sha512-gEhi/jSBhZ2m6wjV530Yy8+fNqG8PAinM3oV7CyO+6c3CEh16Eizm21uHVsyVBEB6RIM8JHIl6AGYCv6Q6Q9Tg==}
    engines: {node: '>=14.21.3'}
    cpu: [x64]
    os: [linux]

  '@biomejs/cli-linux-x64@1.9.4':
    resolution: {integrity: sha512-lRCJv/Vi3Vlwmbd6K+oQ0KhLHMAysN8lXoCI7XeHlxaajk06u7G+UsFSO01NAs5iYuWKmVZjmiOzJ0OJmGsMwg==}
    engines: {node: '>=14.21.3'}
    cpu: [x64]
    os: [linux]

  '@biomejs/cli-win32-arm64@1.9.4':
    resolution: {integrity: sha512-tlbhLk+WXZmgwoIKwHIHEBZUwxml7bRJgk0X2sPyNR3S93cdRq6XulAZRQJ17FYGGzWne0fgrXBKpl7l4M87Hg==}
    engines: {node: '>=14.21.3'}
    cpu: [arm64]
    os: [win32]

  '@biomejs/cli-win32-x64@1.9.4':
    resolution: {integrity: sha512-8Y5wMhVIPaWe6jw2H+KlEm4wP/f7EW3810ZLmDlrEEy5KvBsb9ECEfu/kMWD484ijfQ8+nIi0giMgu9g1UAuuA==}
    engines: {node: '>=14.21.3'}
    cpu: [x64]
    os: [win32]

  turbo-darwin-64@2.8.16:
    resolution: {integrity: sha512-KWa4hUMWrpADC6Q/wIHRkBLw6X6MV9nx6X7hSXbTrrMz0KdaKhmfudUZ3sS76bJFmgArBU25cSc0AUyyrswYxg==}
    cpu: [x64]
    os: [darwin]

  turbo-darwin-arm64@2.8.16:
    resolution: {integrity: sha512-NBgaqBDLQSZlJR4D5XCkQq6noaO0RvIgwm5eYFJYL3bH5dNu8o0UBpq7C5DYnQI8+ybyoHFjT5/icN4LeUYLow==}
    cpu: [arm64]
    os: [darwin]

  turbo-linux-64@2.8.16:
    resolution: {integrity: sha512-VYPdcCRevI9kR/hr1H1xwXy7QQt/jNKiim1e1mjANBXD2E9VZWMkIL74J1Huad5MbU3/jw7voHOqDPLJPC2p6w==}
    cpu: [x64]
    os: [linux]

  turbo-linux-arm64@2.8.16:
    resolution: {integrity: sha512-beq8tgUVI3uwkQkXJMiOr/hfxQRw54M3elpBwqgYFfemiK5LhCjjcwO0DkE8GZZfElBIlk+saMAQOZy3885wNQ==}
    cpu: [arm64]
    os: [linux]

  turbo-windows-64@2.8.16:
    resolution: {integrity: sha512-Ig7b46iUgiOIkea/D3Z7H+zNzvzSnIJcLYFpZLA0RxbUTrbLhv9qIPwv3pT9p/abmu0LXVKHxaOo+p26SuDhzw==}
    cpu: [x64]
    os: [win32]

  turbo-windows-arm64@2.8.16:
    resolution: {integrity: sha512-fOWjbEA2PiE2HEnFQrwNZKYEdjewyPc2no9GmrXklZnTCuMsxeCN39aVlKpKpim03Zq/ykIuvApGwq8ZbfS2Yw==}
    cpu: [arm64]
    os: [win32]

  turbo@2.8.16:
    resolution: {integrity: sha512-u6e9e3cTTpE2adQ1DYm3A3r8y3LAONEx1jYvJx6eIgSY4bMLxIxs0riWzI0Z/IK903ikiUzRPZ2c1Ph5lVLkhA==}
    hasBin: true

  typescript@5.9.3:
    resolution: {integrity: sha512-jl1vZzPDinLr9eUt3J/t7V6FgNEw9QjvBPdysz9KfQDD41fQrC2Y4vKQdiaUpFT4bXlb1RHhLpp8wtm6M5TgSw==}
    engines: {node: '>=14.17'}
    hasBin: true

snapshots:

  '@biomejs/biome@1.9.4':
    optionalDependencies:
      '@biomejs/cli-darwin-arm64': 1.9.4
      '@biomejs/cli-darwin-x64': 1.9.4
      '@biomejs/cli-linux-arm64': 1.9.4
      '@biomejs/cli-linux-arm64-musl': 1.9.4
      '@biomejs/cli-linux-x64': 1.9.4
      '@biomejs/cli-linux-x64-musl': 1.9.4
      '@biomejs/cli-win32-arm64': 1.9.4
      '@biomejs/cli-win32-x64': 1.9.4

  '@biomejs/cli-darwin-arm64@1.9.4':
    optional: true

  '@biomejs/cli-darwin-x64@1.9.4':
    optional: true

  '@biomejs/cli-linux-arm64-musl@1.9.4':
    optional: true

  '@biomejs/cli-linux-arm64@1.9.4':
    optional: true

  '@biomejs/cli-linux-x64-musl@1.9.4':
    optional: true

  '@biomejs/cli-linux-x64@1.9.4':
    optional: true

  '@biomejs/cli-win32-arm64@1.9.4':
    optional: true

  '@biomejs/cli-win32-x64@1.9.4':
    optional: true

  turbo-darwin-64@2.8.16:
    optional: true

  turbo-darwin-arm64@2.8.16:
    optional: true

  turbo-linux-64@2.8.16:
    optional: true

  turbo-linux-arm64@2.8.16:
    optional: true

  turbo-windows-64@2.8.16:
    optional: true

  turbo-windows-arm64@2.8.16:
    optional: true

  turbo@2.8.16:
    optionalDependencies:
      turbo-darwin-64: 2.8.16
      turbo-darwin-arm64: 2.8.16
      turbo-linux-64: 2.8.16
      turbo-linux-arm64: 2.8.16
      turbo-windows-64: 2.8.16
      turbo-windows-arm64: 2.8.16

  typescript@5.9.3: {}
